// !$*UTF8*$!
{
	archiveVersion = 1;
	classes = {
	};
	objectVersion = 46;
	objects = {

/* Begin PBXBuildFile section */
		9815FABF1D97477D00E547F5 /* ListManager.swift in Sources */ = {isa = PBXBuildFile; fileRef = 9815FABE1D97477D00E547F5 /* ListManager.swift */; };
		981C98E51D98152800A65D9E /* ListsTableViewController.swift in Sources */ = {isa = PBXBuildFile; fileRef = 981C98E41D98152800A65D9E /* ListsTableViewController.swift */; };
		981C98E71D98153500A65D9E /* ListsTableViewCell.swift in Sources */ = {isa = PBXBuildFile; fileRef = 981C98E61D98153500A65D9E /* ListsTableViewCell.swift */; };
		981C98E91D98359100A65D9E /* AddTaskViewController.swift in Sources */ = {isa = PBXBuildFile; fileRef = 981C98E81D98359100A65D9E /* AddTaskViewController.swift */; };
		985FF6171D96FF2D0038A16B /* AppDelegate.swift in Sources */ = {isa = PBXBuildFile; fileRef = 985FF6161D96FF2D0038A16B /* AppDelegate.swift */; };
		985FF61C1D96FF2D0038A16B /* Main.storyboard in Resources */ = {isa = PBXBuildFile; fileRef = 985FF61A1D96FF2D0038A16B /* Main.storyboard */; };
		985FF61E1D96FF2D0038A16B /* Assets.xcassets in Resources */ = {isa = PBXBuildFile; fileRef = 985FF61D1D96FF2D0038A16B /* Assets.xcassets */; };
		985FF6211D96FF2D0038A16B /* LaunchScreen.storyboard in Resources */ = {isa = PBXBuildFile; fileRef = 985FF61F1D96FF2D0038A16B /* LaunchScreen.storyboard */; };
		985FF62C1D96FF2D0038A16B /* ButlrTests.swift in Sources */ = {isa = PBXBuildFile; fileRef = 985FF62B1D96FF2D0038A16B /* ButlrTests.swift */; };
		985FF6371D96FF2D0038A16B /* ButlrUITests.swift in Sources */ = {isa = PBXBuildFile; fileRef = 985FF6361D96FF2D0038A16B /* ButlrUITests.swift */; };
		985FF6461D972A460038A16B /* TasksListTableViewController.swift in Sources */ = {isa = PBXBuildFile; fileRef = 985FF6451D972A460038A16B /* TasksListTableViewController.swift */; };
		985FF6481D972A650038A16B /* TasksListTableViewCell.swift in Sources */ = {isa = PBXBuildFile; fileRef = 985FF6471D972A650038A16B /* TasksListTableViewCell.swift */; };
/* End PBXBuildFile section */

/* Begin PBXContainerItemProxy section */
		985FF6281D96FF2D0038A16B /* PBXContainerItemProxy */ = {
			isa = PBXContainerItemProxy;
			containerPortal = 985FF60B1D96FF2D0038A16B /* Project object */;
			proxyType = 1;
			remoteGlobalIDString = 985FF6121D96FF2D0038A16B;
			remoteInfo = Butlr;
		};
		985FF6331D96FF2D0038A16B /* PBXContainerItemProxy */ = {
			isa = PBXContainerItemProxy;
			containerPortal = 985FF60B1D96FF2D0038A16B /* Project object */;
			proxyType = 1;
			remoteGlobalIDString = 985FF6121D96FF2D0038A16B;
			remoteInfo = Butlr;
		};
/* End PBXContainerItemProxy section */

/* Begin PBXCopyFilesBuildPhase section */
		98520DC71D986AA6000F1CE3 /* Embed Frameworks */ = {
			isa = PBXCopyFilesBuildPhase;
			buildActionMask = 2147483647;
			dstPath = "";
			dstSubfolderSpec = 10;
			files = (
			);
			name = "Embed Frameworks";
			runOnlyForDeploymentPostprocessing = 0;
		};
/* End PBXCopyFilesBuildPhase section */

/* Begin PBXFileReference section */
		9815FABE1D97477D00E547F5 /* ListManager.swift */ = {isa = PBXFileReference; fileEncoding = 4; lastKnownFileType = sourcecode.swift; path = ListManager.swift; sourceTree = "<group>"; };
		981C98E41D98152800A65D9E /* ListsTableViewController.swift */ = {isa = PBXFileReference; fileEncoding = 4; lastKnownFileType = sourcecode.swift; path = ListsTableViewController.swift; sourceTree = "<group>"; };
		981C98E61D98153500A65D9E /* ListsTableViewCell.swift */ = {isa = PBXFileReference; fileEncoding = 4; lastKnownFileType = sourcecode.swift; path = ListsTableViewCell.swift; sourceTree = "<group>"; };
		981C98E81D98359100A65D9E /* AddTaskViewController.swift */ = {isa = PBXFileReference; fileEncoding = 4; lastKnownFileType = sourcecode.swift; path = AddTaskViewController.swift; sourceTree = "<group>"; };
		98520DC81D987210000F1CE3 /* Butlr-Bridging-Header.h */ = {isa = PBXFileReference; lastKnownFileType = sourcecode.c.h; path = "Butlr-Bridging-Header.h"; sourceTree = "<group>"; };
		985FF6131D96FF2D0038A16B /* Butlr.app */ = {isa = PBXFileReference; explicitFileType = wrapper.application; includeInIndex = 0; path = Butlr.app; sourceTree = BUILT_PRODUCTS_DIR; };
		985FF6161D96FF2D0038A16B /* AppDelegate.swift */ = {isa = PBXFileReference; lastKnownFileType = sourcecode.swift; path = AppDelegate.swift; sourceTree = "<group>"; };
		985FF61B1D96FF2D0038A16B /* Base */ = {isa = PBXFileReference; lastKnownFileType = file.storyboard; name = Base; path = Base.lproj/Main.storyboard; sourceTree = "<group>"; };
		985FF61D1D96FF2D0038A16B /* Assets.xcassets */ = {isa = PBXFileReference; lastKnownFileType = folder.assetcatalog; path = Assets.xcassets; sourceTree = "<group>"; };
		985FF6201D96FF2D0038A16B /* Base */ = {isa = PBXFileReference; lastKnownFileType = file.storyboard; name = Base; path = Base.lproj/LaunchScreen.storyboard; sourceTree = "<group>"; };
		985FF6221D96FF2D0038A16B /* Info.plist */ = {isa = PBXFileReference; lastKnownFileType = text.plist.xml; path = Info.plist; sourceTree = "<group>"; };
		985FF6271D96FF2D0038A16B /* ButlrTests.xctest */ = {isa = PBXFileReference; explicitFileType = wrapper.cfbundle; includeInIndex = 0; path = ButlrTests.xctest; sourceTree = BUILT_PRODUCTS_DIR; };
		985FF62B1D96FF2D0038A16B /* ButlrTests.swift */ = {isa = PBXFileReference; lastKnownFileType = sourcecode.swift; path = ButlrTests.swift; sourceTree = "<group>"; };
		985FF62D1D96FF2D0038A16B /* Info.plist */ = {isa = PBXFileReference; lastKnownFileType = text.plist.xml; path = Info.plist; sourceTree = "<group>"; };
		985FF6321D96FF2D0038A16B /* ButlrUITests.xctest */ = {isa = PBXFileReference; explicitFileType = wrapper.cfbundle; includeInIndex = 0; path = ButlrUITests.xctest; sourceTree = BUILT_PRODUCTS_DIR; };
		985FF6361D96FF2D0038A16B /* ButlrUITests.swift */ = {isa = PBXFileReference; lastKnownFileType = sourcecode.swift; path = ButlrUITests.swift; sourceTree = "<group>"; };
		985FF6381D96FF2D0038A16B /* Info.plist */ = {isa = PBXFileReference; lastKnownFileType = text.plist.xml; path = Info.plist; sourceTree = "<group>"; };
		985FF6451D972A460038A16B /* TasksListTableViewController.swift */ = {isa = PBXFileReference; fileEncoding = 4; lastKnownFileType = sourcecode.swift; path = TasksListTableViewController.swift; sourceTree = "<group>"; };
		985FF6471D972A650038A16B /* TasksListTableViewCell.swift */ = {isa = PBXFileReference; fileEncoding = 4; lastKnownFileType = sourcecode.swift; path = TasksListTableViewCell.swift; sourceTree = "<group>"; };
/* End PBXFileReference section */

/* Begin PBXFrameworksBuildPhase section */
		985FF6101D96FF2D0038A16B /* Frameworks */ = {
			isa = PBXFrameworksBuildPhase;
			buildActionMask = 2147483647;
			files = (
			);
			runOnlyForDeploymentPostprocessing = 0;
		};
		985FF6241D96FF2D0038A16B /* Frameworks */ = {
			isa = PBXFrameworksBuildPhase;
			buildActionMask = 2147483647;
			files = (
			);
			runOnlyForDeploymentPostprocessing = 0;
		};
		985FF62F1D96FF2D0038A16B /* Frameworks */ = {
			isa = PBXFrameworksBuildPhase;
			buildActionMask = 2147483647;
			files = (
			);
			runOnlyForDeploymentPostprocessing = 0;
		};
/* End PBXFrameworksBuildPhase section */

/* Begin PBXGroup section */
		981C98E31D9814F400A65D9E /* ListsTableView */ = {
			isa = PBXGroup;
			children = (
				981C98E41D98152800A65D9E /* ListsTableViewController.swift */,
				981C98E61D98153500A65D9E /* ListsTableViewCell.swift */,
				981C98E81D98359100A65D9E /* AddTaskViewController.swift */,
			);
			name = ListsTableView;
			sourceTree = "<group>";
		};
		985FF60A1D96FF2D0038A16B = {
			isa = PBXGroup;
			children = (
				985FF6151D96FF2D0038A16B /* Butlr */,
				985FF62A1D96FF2D0038A16B /* ButlrTests */,
				985FF6351D96FF2D0038A16B /* ButlrUITests */,
				985FF6141D96FF2D0038A16B /* Products */,
			);
			sourceTree = "<group>";
		};
		985FF6141D96FF2D0038A16B /* Products */ = {
			isa = PBXGroup;
			children = (
				985FF6131D96FF2D0038A16B /* Butlr.app */,
				985FF6271D96FF2D0038A16B /* ButlrTests.xctest */,
				985FF6321D96FF2D0038A16B /* ButlrUITests.xctest */,
			);
			name = Products;
			sourceTree = "<group>";
		};
		985FF6151D96FF2D0038A16B /* Butlr */ = {
			isa = PBXGroup;
			children = (
				9815FABE1D97477D00E547F5 /* ListManager.swift */,
				985FF6161D96FF2D0038A16B /* AppDelegate.swift */,
				981C98E31D9814F400A65D9E /* ListsTableView */,
				985FF6441D972A200038A16B /* TasksListTableView */,
				985FF61A1D96FF2D0038A16B /* Main.storyboard */,
				985FF61F1D96FF2D0038A16B /* LaunchScreen.storyboard */,
				985FF6221D96FF2D0038A16B /* Info.plist */,
				985FF61D1D96FF2D0038A16B /* Assets.xcassets */,
				98520DC81D987210000F1CE3 /* Butlr-Bridging-Header.h */,
			);
			path = Butlr;
			sourceTree = "<group>";
		};
		985FF62A1D96FF2D0038A16B /* ButlrTests */ = {
			isa = PBXGroup;
			children = (
				985FF62B1D96FF2D0038A16B /* ButlrTests.swift */,
				985FF62D1D96FF2D0038A16B /* Info.plist */,
			);
			path = ButlrTests;
			sourceTree = "<group>";
		};
		985FF6351D96FF2D0038A16B /* ButlrUITests */ = {
			isa = PBXGroup;
			children = (
				985FF6361D96FF2D0038A16B /* ButlrUITests.swift */,
				985FF6381D96FF2D0038A16B /* Info.plist */,
			);
			path = ButlrUITests;
			sourceTree = "<group>";
		};
		985FF6441D972A200038A16B /* TasksListTableView */ = {
			isa = PBXGroup;
			children = (
				985FF6451D972A460038A16B /* TasksListTableViewController.swift */,
				985FF6471D972A650038A16B /* TasksListTableViewCell.swift */,
			);
			name = TasksListTableView;
			sourceTree = "<group>";
		};
/* End PBXGroup section */

/* Begin PBXNativeTarget section */
		985FF6121D96FF2D0038A16B /* Butlr */ = {
			isa = PBXNativeTarget;
			buildConfigurationList = 985FF63B1D96FF2D0038A16B /* Build configuration list for PBXNativeTarget "Butlr" */;
			buildPhases = (
				985FF60F1D96FF2D0038A16B /* Sources */,
				985FF6101D96FF2D0038A16B /* Frameworks */,
				985FF6111D96FF2D0038A16B /* Resources */,
				98520DC71D986AA6000F1CE3 /* Embed Frameworks */,
			);
			buildRules = (
			);
			dependencies = (
			);
			name = Butlr;
			productName = Butlr;
			productReference = 985FF6131D96FF2D0038A16B /* Butlr.app */;
			productType = "com.apple.product-type.application";
		};
		985FF6261D96FF2D0038A16B /* ButlrTests */ = {
			isa = PBXNativeTarget;
			buildConfigurationList = 985FF63E1D96FF2D0038A16B /* Build configuration list for PBXNativeTarget "ButlrTests" */;
			buildPhases = (
				985FF6231D96FF2D0038A16B /* Sources */,
				985FF6241D96FF2D0038A16B /* Frameworks */,
				985FF6251D96FF2D0038A16B /* Resources */,
			);
			buildRules = (
			);
			dependencies = (
				985FF6291D96FF2D0038A16B /* PBXTargetDependency */,
			);
			name = ButlrTests;
			productName = ButlrTests;
			productReference = 985FF6271D96FF2D0038A16B /* ButlrTests.xctest */;
			productType = "com.apple.product-type.bundle.unit-test";
		};
		985FF6311D96FF2D0038A16B /* ButlrUITests */ = {
			isa = PBXNativeTarget;
			buildConfigurationList = 985FF6411D96FF2D0038A16B /* Build configuration list for PBXNativeTarget "ButlrUITests" */;
			buildPhases = (
				985FF62E1D96FF2D0038A16B /* Sources */,
				985FF62F1D96FF2D0038A16B /* Frameworks */,
				985FF6301D96FF2D0038A16B /* Resources */,
			);
			buildRules = (
			);
			dependencies = (
				985FF6341D96FF2D0038A16B /* PBXTargetDependency */,
			);
			name = ButlrUITests;
			productName = ButlrUITests;
			productReference = 985FF6321D96FF2D0038A16B /* ButlrUITests.xctest */;
			productType = "com.apple.product-type.bundle.ui-testing";
		};
/* End PBXNativeTarget section */

/* Begin PBXProject section */
		985FF60B1D96FF2D0038A16B /* Project object */ = {
			isa = PBXProject;
			attributes = {
				LastSwiftUpdateCheck = 0730;
				LastUpgradeCheck = 0730;
				ORGANIZATIONNAME = "Shashank Sharma";
				TargetAttributes = {
					985FF6121D96FF2D0038A16B = {
						CreatedOnToolsVersion = 7.3.1;
					};
					985FF6261D96FF2D0038A16B = {
						CreatedOnToolsVersion = 7.3.1;
						TestTargetID = 985FF6121D96FF2D0038A16B;
					};
					985FF6311D96FF2D0038A16B = {
						CreatedOnToolsVersion = 7.3.1;
						TestTargetID = 985FF6121D96FF2D0038A16B;
					};
				};
			};
			buildConfigurationList = 985FF60E1D96FF2D0038A16B /* Build configuration list for PBXProject "Butlr" */;
			compatibilityVersion = "Xcode 3.2";
			developmentRegion = English;
			hasScannedForEncodings = 0;
			knownRegions = (
				en,
				Base,
			);
			mainGroup = 985FF60A1D96FF2D0038A16B;
			productRefGroup = 985FF6141D96FF2D0038A16B /* Products */;
			projectDirPath = "";
			projectRoot = "";
			targets = (
				985FF6121D96FF2D0038A16B /* Butlr */,
				985FF6261D96FF2D0038A16B /* ButlrTests */,
				985FF6311D96FF2D0038A16B /* ButlrUITests */,
			);
		};
/* End PBXProject section */

/* Begin PBXResourcesBuildPhase section */
		985FF6111D96FF2D0038A16B /* Resources */ = {
			isa = PBXResourcesBuildPhase;
			buildActionMask = 2147483647;
			files = (
				985FF6211D96FF2D0038A16B /* LaunchScreen.storyboard in Resources */,
				985FF61E1D96FF2D0038A16B /* Assets.xcassets in Resources */,
				985FF61C1D96FF2D0038A16B /* Main.storyboard in Resources */,
			);
			runOnlyForDeploymentPostprocessing = 0;
		};
		985FF6251D96FF2D0038A16B /* Resources */ = {
			isa = PBXResourcesBuildPhase;
			buildActionMask = 2147483647;
			files = (
			);
			runOnlyForDeploymentPostprocessing = 0;
		};
		985FF6301D96FF2D0038A16B /* Resources */ = {
			isa = PBXResourcesBuildPhase;
			buildActionMask = 2147483647;
			files = (
			);
			runOnlyForDeploymentPostprocessing = 0;
		};
/* End PBXResourcesBuildPhase section */

/* Begin PBXSourcesBuildPhase section */
		985FF60F1D96FF2D0038A16B /* Sources */ = {
			isa = PBXSourcesBuildPhase;
			buildActionMask = 2147483647;
			files = (
				985FF6461D972A460038A16B /* TasksListTableViewController.swift in Sources */,
				981C98E51D98152800A65D9E /* ListsTableViewController.swift in Sources */,
				985FF6481D972A650038A16B /* TasksListTableViewCell.swift in Sources */,
				985FF6171D96FF2D0038A16B /* AppDelegate.swift in Sources */,
				9815FABF1D97477D00E547F5 /* ListManager.swift in Sources */,
				981C98E71D98153500A65D9E /* ListsTableViewCell.swift in Sources */,
				981C98E91D98359100A65D9E /* AddTaskViewController.swift in Sources */,
			);
			runOnlyForDeploymentPostprocessing = 0;
		};
		985FF6231D96FF2D0038A16B /* Sources */ = {
			isa = PBXSourcesBuildPhase;
			buildActionMask = 2147483647;
			files = (
				985FF62C1D96FF2D0038A16B /* ButlrTests.swift in Sources */,
			);
			runOnlyForDeploymentPostprocessing = 0;
		};
		985FF62E1D96FF2D0038A16B /* Sources */ = {
			isa = PBXSourcesBuildPhase;
			buildActionMask = 2147483647;
			files = (
				985FF6371D96FF2D0038A16B /* ButlrUITests.swift in Sources */,
			);
			runOnlyForDeploymentPostprocessing = 0;
		};
/* End PBXSourcesBuildPhase section */

/* Begin PBXTargetDependency section */
		985FF6291D96FF2D0038A16B /* PBXTargetDependency */ = {
			isa = PBXTargetDependency;
			target = 985FF6121D96FF2D0038A16B /* Butlr */;
			targetProxy = 985FF6281D96FF2D0038A16B /* PBXContainerItemProxy */;
		};
		985FF6341D96FF2D0038A16B /* PBXTargetDependency */ = {
			isa = PBXTargetDependency;
			target = 985FF6121D96FF2D0038A16B /* Butlr */;
			targetProxy = 985FF6331D96FF2D0038A16B /* PBXContainerItemProxy */;
		};
/* End PBXTargetDependency section */

/* Begin PBXVariantGroup section */
		985FF61A1D96FF2D0038A16B /* Main.storyboard */ = {
			isa = PBXVariantGroup;
			children = (
				985FF61B1D96FF2D0038A16B /* Base */,
			);
			name = Main.storyboard;
			sourceTree = "<group>";
		};
		985FF61F1D96FF2D0038A16B /* LaunchScreen.storyboard */ = {
			isa = PBXVariantGroup;
			children = (
				985FF6201D96FF2D0038A16B /* Base */,
			);
			name = LaunchScreen.storyboard;
			sourceTree = "<group>";
		};
/* End PBXVariantGroup section */

/* Begin XCBuildConfiguration section */
		985FF6391D96FF2D0038A16B /* Debug */ = {
			isa = XCBuildConfiguration;
			buildSettings = {
				ALWAYS_SEARCH_USER_PATHS = NO;
				CLANG_ANALYZER_NONNULL = YES;
				CLANG_CXX_LANGUAGE_STANDARD = "gnu++0x";
				CLANG_CXX_LIBRARY = "libc++";
				CLANG_ENABLE_MODULES = YES;
				CLANG_ENABLE_OBJC_ARC = YES;
				CLANG_WARN_BOOL_CONVERSION = YES;
				CLANG_WARN_CONSTANT_CONVERSION = YES;
				CLANG_WARN_DIRECT_OBJC_ISA_USAGE = YES_ERROR;
				CLANG_WARN_EMPTY_BODY = YES;
				CLANG_WARN_ENUM_CONVERSION = YES;
				CLANG_WARN_INT_CONVERSION = YES;
				CLANG_WARN_OBJC_ROOT_CLASS = YES_ERROR;
				CLANG_WARN_UNREACHABLE_CODE = YES;
				CLANG_WARN__DUPLICATE_METHOD_MATCH = YES;
				"CODE_SIGN_IDENTITY[sdk=iphoneos*]" = "iPhone Developer";
				COPY_PHASE_STRIP = NO;
				DEBUG_INFORMATION_FORMAT = dwarf;
				DEFINES_MODULE = YES;
				ENABLE_STRICT_OBJC_MSGSEND = YES;
				ENABLE_TESTABILITY = YES;
				GCC_C_LANGUAGE_STANDARD = gnu99;
				GCC_DYNAMIC_NO_PIC = NO;
				GCC_NO_COMMON_BLOCKS = YES;
				GCC_OPTIMIZATION_LEVEL = 0;
				GCC_PREPROCESSOR_DEFINITIONS = (
					"DEBUG=1",
					"$(inherited)",
				);
				GCC_WARN_64_TO_32_BIT_CONVERSION = YES;
				GCC_WARN_ABOUT_RETURN_TYPE = YES_ERROR;
				GCC_WARN_UNDECLARED_SELECTOR = YES;
				GCC_WARN_UNINITIALIZED_AUTOS = YES_AGGRESSIVE;
				GCC_WARN_UNUSED_FUNCTION = YES;
				GCC_WARN_UNUSED_VARIABLE = YES;
				IPHONEOS_DEPLOYMENT_TARGET = 8.0;
				MTL_ENABLE_DEBUG_INFO = YES;
				ONLY_ACTIVE_ARCH = NO;
				SDKROOT = iphoneos;
				SWIFT_OBJC_BRIDGING_HEADER = "Butlr/Butlr-Bridging-Header.h";
				SWIFT_OPTIMIZATION_LEVEL = "-Onone";
				VALID_ARCHS = "arm64 armv7 armv7s x86_64 i386";
			};
			name = Debug;
		};
		985FF63A1D96FF2D0038A16B /* Release */ = {
			isa = XCBuildConfiguration;
			buildSettings = {
				ALWAYS_SEARCH_USER_PATHS = NO;
				CLANG_ANALYZER_NONNULL = YES;
				CLANG_CXX_LANGUAGE_STANDARD = "gnu++0x";
				CLANG_CXX_LIBRARY = "libc++";
				CLANG_ENABLE_MODULES = YES;
				CLANG_ENABLE_OBJC_ARC = YES;
				CLANG_WARN_BOOL_CONVERSION = YES;
				CLANG_WARN_CONSTANT_CONVERSION = YES;
				CLANG_WARN_DIRECT_OBJC_ISA_USAGE = YES_ERROR;
				CLANG_WARN_EMPTY_BODY = YES;
				CLANG_WARN_ENUM_CONVERSION = YES;
				CLANG_WARN_INT_CONVERSION = YES;
				CLANG_WARN_OBJC_ROOT_CLASS = YES_ERROR;
				CLANG_WARN_UNREACHABLE_CODE = YES;
				CLANG_WARN__DUPLICATE_METHOD_MATCH = YES;
				"CODE_SIGN_IDENTITY[sdk=iphoneos*]" = "iPhone Developer";
				COPY_PHASE_STRIP = NO;
				DEBUG_INFORMATION_FORMAT = "dwarf-with-dsym";
				DEFINES_MODULE = YES;
				ENABLE_NS_ASSERTIONS = NO;
				ENABLE_STRICT_OBJC_MSGSEND = YES;
				GCC_C_LANGUAGE_STANDARD = gnu99;
				GCC_NO_COMMON_BLOCKS = YES;
				GCC_WARN_64_TO_32_BIT_CONVERSION = YES;
				GCC_WARN_ABOUT_RETURN_TYPE = YES_ERROR;
				GCC_WARN_UNDECLARED_SELECTOR = YES;
				GCC_WARN_UNINITIALIZED_AUTOS = YES_AGGRESSIVE;
				GCC_WARN_UNUSED_FUNCTION = YES;
				GCC_WARN_UNUSED_VARIABLE = YES;
				IPHONEOS_DEPLOYMENT_TARGET = 8.0;
				MTL_ENABLE_DEBUG_INFO = NO;
				ONLY_ACTIVE_ARCH = NO;
				SDKROOT = iphoneos;
				SWIFT_OBJC_BRIDGING_HEADER = "Butlr/Butlr-Bridging-Header.h";
				VALIDATE_PRODUCT = YES;
				VALID_ARCHS = "arm64 armv7 armv7s x86_64 i386";
			};
			name = Release;
		};
		985FF63C1D96FF2D0038A16B /* Debug */ = {
			isa = XCBuildConfiguration;
			buildSettings = {
				ASSETCATALOG_COMPILER_APPICON_NAME = AppIcon;
				FRAMEWORK_SEARCH_PATHS = (
					"$(inherited)",
					"$(PROJECT_DIR)/Butlr",
				);
				INFOPLIST_FILE = Butlr/Info.plist;
				IPHONEOS_DEPLOYMENT_TARGET = 8.0;
				LD_RUNPATH_SEARCH_PATHS = "$(inherited) @executable_path/Frameworks";
				PRODUCT_BUNDLE_IDENTIFIER = sharma.shashank.Butlr;
				PRODUCT_NAME = "$(TARGET_NAME)";
			};
			name = Debug;
		};
		985FF63D1D96FF2D0038A16B /* Release */ = {
			isa = XCBuildConfiguration;
			buildSettings = {
				ASSETCATALOG_COMPILER_APPICON_NAME = AppIcon;
				FRAMEWORK_SEARCH_PATHS = (
					"$(inherited)",
					"$(PROJECT_DIR)/Butlr",
				);
				INFOPLIST_FILE = Butlr/Info.plist;
				IPHONEOS_DEPLOYMENT_TARGET = 8.0;
				LD_RUNPATH_SEARCH_PATHS = "$(inherited) @executable_path/Frameworks";
				PRODUCT_BUNDLE_IDENTIFIER = sharma.shashank.Butlr;
				PRODUCT_NAME = "$(TARGET_NAME)";
			};
			name = Release;
		};
		985FF63F1D96FF2D0038A16B /* Debug */ = {
			isa = XCBuildConfiguration;
			buildSettings = {
				BUNDLE_LOADER = "$(TEST_HOST)";
				FRAMEWORK_SEARCH_PATHS = (
					"$(inherited)",
					"$(PROJECT_DIR)/Butlr",
				);
				INFOPLIST_FILE = ButlrTests/Info.plist;
				LD_RUNPATH_SEARCH_PATHS = "$(inherited) @executable_path/Frameworks @loader_path/Frameworks";
				PRODUCT_BUNDLE_IDENTIFIER = sharma.shashank.ButlrTests;
				PRODUCT_NAME = "$(TARGET_NAME)";
				TEST_HOST = "$(BUILT_PRODUCTS_DIR)/Butlr.app/Butlr";
			};
			name = Debug;
		};
		985FF6401D96FF2D0038A16B /* Release */ = {
			isa = XCBuildConfiguration;
			buildSettings = {
				BUNDLE_LOADER = "$(TEST_HOST)";
				FRAMEWORK_SEARCH_PATHS = (
					"$(inherited)",
					"$(PROJECT_DIR)/Butlr",
				);
				INFOPLIST_FILE = ButlrTests/Info.plist;
				LD_RUNPATH_SEARCH_PATHS = "$(inherited) @executable_path/Frameworks @loader_path/Frameworks";
				PRODUCT_BUNDLE_IDENTIFIER = sharma.shashank.ButlrTests;
				PRODUCT_NAME = "$(TARGET_NAME)";
				TEST_HOST = "$(BUILT_PRODUCTS_DIR)/Butlr.app/Butlr";
			};
			name = Release;
		};
		985FF6421D96FF2D0038A16B /* Debug */ = {
			isa = XCBuildConfiguration;
			buildSettings = {
				FRAMEWORK_SEARCH_PATHS = (
					"$(inherited)",
					"$(PROJECT_DIR)/Butlr",
				);
				INFOPLIST_FILE = ButlrUITests/Info.plist;
				LD_RUNPATH_SEARCH_PATHS = "$(inherited) @executable_path/Frameworks @loader_path/Frameworks";
				PRODUCT_BUNDLE_IDENTIFIER = sharma.shashank.ButlrUITests;
				PRODUCT_NAME = "$(TARGET_NAME)";
				TEST_TARGET_NAME = Butlr;
			};
			name = Debug;
		};
		985FF6431D96FF2D0038A16B /* Release */ = {
			isa = XCBuildConfiguration;
			buildSettings = {
				FRAMEWORK_SEARCH_PATHS = (
					"$(inherited)",
					"$(PROJECT_DIR)/Butlr",
				);
				INFOPLIST_FILE = ButlrUITests/Info.plist;
				LD_RUNPATH_SEARCH_PATHS = "$(inherited) @executable_path/Frameworks @loader_path/Frameworks";
				PRODUCT_BUNDLE_IDENTIFIER = sharma.shashank.ButlrUITests;
				PRODUCT_NAME = "$(TARGET_NAME)";
				TEST_TARGET_NAME = Butlr;
			};
			name = Release;
		};
/* End XCBuildConfiguration section */

/* Begin XCConfigurationList section */
		985FF60E1D96FF2D0038A16B /* Build configuration list for PBXProject "Butlr" */ = {
			isa = XCConfigurationList;
			buildConfigurations = (
				985FF6391D96FF2D0038A16B /* Debug */,
				985FF63A1D96FF2D0038A16B /* Release */,
			);
			defaultConfigurationIsVisible = 0;
			defaultConfigurationName = Release;
		};
		985FF63B1D96FF2D0038A16B /* Build configuration list for PBXNativeTarget "Butlr" */ = {
			isa = XCConfigurationList;
			buildConfigurations = (
				985FF63C1D96FF2D0038A16B /* Debug */,
				985FF63D1D96FF2D0038A16B /* Release */,
			);
			defaultConfigurationIsVisible = 0;
			defaultConfigurationName = Release;
		};
		985FF63E1D96FF2D0038A16B /* Build configuration list for PBXNativeTarget "ButlrTests" */ = {
			isa = XCConfigurationList;
			buildConfigurations = (
				985FF63F1D96FF2D0038A16B /* Debug */,
				985FF6401D96FF2D0038A16B /* Release */,
			);
			defaultConfigurationIsVisible = 0;
			defaultConfigurationName = Release;
		};
		985FF6411D96FF2D0038A16B /* Build configuration list for PBXNativeTarget "ButlrUITests" */ = {
			isa = XCConfigurationList;
			buildConfigurations = (
				985FF6421D96FF2D0038A16B /* Debug */,
				985FF6431D96FF2D0038A16B /* Release */,
			);
			defaultConfigurationIsVisible = 0;
			defaultConfigurationName = Release;
		};
/* End XCConfigurationList section */
	};
	rootObject = 985FF60B1D96FF2D0038A16B /* Project object */;
}
